
Microsoft Visual Studio Solution File, Format Version 12.00
# Visual Studio 15
VisualStudioVersion = 15.0.28307.168
MinimumVisualStudioVersion = 10.0.40219.1
Project("{9A19103F-16F7-4668-BE54-9A1E7A4F7556}") = "FileWatcherProcessService", "FileWatcherProcessService\FileWatcherProcessService.csproj", "{168D5A09-3681-4683-B382-09B9C4217E53}"
EndProject
Project("{9A19103F-16F7-4668-BE54-9A1E7A4F7556}") = "FsBaseExecSvc", "FsBaseExecSvc\FsBaseExecSvc.csproj", "{47177D51-17BC-470E-9B5F-99FFFC6BC30F}"
EndProject
Project("{9A19103F-16F7-4668-BE54-9A1E7A4F7556}") = "ClientExample", "ClientExample\ClientExample.csproj", "{EE99FD67-369D-48A5-B3DA-77B3F698D475}"
EndProject
Global
	GlobalSection(SolutionConfigurationPlatforms) = preSolution
		Debug|Any CPU = Debug|Any CPU
		Release|Any CPU = Release|Any CPU
	EndGlobalSection
	GlobalSection(ProjectConfigurationPlatforms) = postSolution
		{168D5A09-3681-4683-B382-09B9C4217E53}.Debug|Any CPU.ActiveCfg = Debug|Any CPU
		{168D5A09-3681-4683-B382-09B9C4217E53}.Debug|Any CPU.Build.0 = Debug|Any CPU
		{168D5A09-3681-4683-B382-09B9C4217E53}.Release|Any CPU.ActiveCfg = Release|Any CPU
		{168D5A09-3681-4683-B382-09B9C4217E53}.Release|Any CPU.Build.0 = Release|Any CPU
		{47177D51-17BC-470E-9B5F-99FFFC6BC30F}.Debug|Any CPU.ActiveCfg = Debug|Any CPU
		{47177D51-17BC-470E-9B5F-99FFFC6BC30F}.Debug|Any CPU.Build.0 = Debug|Any CPU
		{47177D51-17BC-470E-9B5F-99FFFC6BC30F}.Release|Any CPU.ActiveCfg = Release|Any CPU
		{47177D51-17BC-470E-9B5F-99FFFC6BC30F}.Release|Any CPU.Build.0 = Release|Any CPU
		{EE99FD67-369D-48A5-B3DA-77B3F698D475}.Debug|Any CPU.ActiveCfg = Debug|Any CPU
		{EE99FD67-369D-48A5-B3DA-77B3F698D475}.Debug|Any CPU.Build.0 = Debug|Any CPU
		{EE99FD67-369D-48A5-B3DA-77B3F698D475}.Release|Any CPU.ActiveCfg = Release|Any CPU
		{EE99FD67-369D-48A5-B3DA-77B3F698D475}.Release|Any CPU.Build.0 = Release|Any CPU
	EndGlobalSection
	GlobalSection(SolutionProperties) = preSolution
		HideSolutionNode = FALSE
	EndGlobalSection
	GlobalSection(ExtensibilityGlobals) = postSolution
		SolutionGuid = {E00B62CC-1234-4FC4-B203-78A8F24DF5F6}
	EndGlobalSection
EndGlobal
